<?xml version="1.0" encoding="utf-8"?>
<Project ToolsVersion="4.0" xmlns="http://schemas.microsoft.com/developer/msbuild/2003">
  <ItemGroup>
    <Filter Include="Source Files">
      <UniqueIdentifier>{4FC737F1-C7A5-4376-A066-2A32D752A2FF}</UniqueIdentifier>
      <Extensions>cpp;c;cc;cxx;def;odl;idl;hpj;bat;asm;asmx</Extensions>
    </Filter>
    <Filter Include="Header Files">
      <UniqueIdentifier>{93995380-89BD-4b04-88EB-625FBE52EBFB}</UniqueIdentifier>
      <Extensions>h;hh;hpp;hxx;hm;inl;inc;xsd</Extensions>
    </Filter>
    <Filter Include="Resource Files">
      <UniqueIdentifier>{67DA6AB6-F800-4c08-8B7A-83BB121AAD01}</UniqueIdentifier>
      <Extensions>rc;ico;cur;bmp;dlg;rc2;rct;bin;rgs;gif;jpg;jpeg;jpe;resx;tiff;tif;png;wav;mfcribbon-ms</Extensions>
    </Filter>
    <Filter Include="MakertData">
      <UniqueIdentifier>{c56c03f6-be9d-4259-8e4a-a451b176a22d}</UniqueIdentifier>
    </Filter>
  </ItemGroup>
  <ItemGroup>
    <ClInclude Include="Catalogue.h">
      <Filter>Header Files</Filter>
    </ClInclude>
    <ClInclude Include="ComponentCashFlowMust.h">
      <Filter>Header Files</Filter>
    </ClInclude>
    <ClInclude Include="ComponentIndexMust.h">
      <Filter>Header Files</Filter>
    </ClInclude>
    <ClInclude Include="ComponentMust.h">
      <Filter>Header Files</Filter>
    </ClInclude>
    <ClInclude Include="ComponentOptionMust.h">
      <Filter>Header Files</Filter>
    </ClInclude>
    <ClInclude Include="ComponentPrincipalMust.h">
      <Filter>Header Files</Filter>
    </ClInclude>
    <ClInclude Include="DateMust.h">
      <Filter>Header Files</Filter>
    </ClInclude>
    <ClInclude Include="EfficiencyLibComponents.h">
      <Filter>Header Files</Filter>
    </ClInclude>
    <ClInclude Include="EfficiencyLibProduct.h">
      <Filter>Header Files</Filter>
    </ClInclude>
    <ClInclude Include="EfficiencyLibProducts.h">
      <Filter>Header Files</Filter>
    </ClInclude>
    <ClInclude Include="EnumsProducts.h">
      <Filter>Header Files</Filter>
    </ClInclude>
    <ClInclude Include="Mapping.h">
      <Filter>Header Files</Filter>
    </ClInclude>
    <ClInclude Include="MatriceMust.h">
      <Filter>Header Files</Filter>
    </ClInclude>
    <ClInclude Include="MustCapFloor.h">
      <Filter>Header Files</Filter>
    </ClInclude>
    <ClInclude Include="MustSwaption.h">
      <Filter>Header Files</Filter>
    </ClInclude>
    <ClInclude Include="MustVanilleSwap.h">
      <Filter>Header Files</Filter>
    </ClInclude>
    <ClInclude Include="Portefeuille.h">
      <Filter>Header Files</Filter>
    </ClInclude>
    <ClInclude Include="RateMust.h">
      <Filter>Header Files</Filter>
    </ClInclude>
    <ClInclude Include="SwapFixedLeg.h">
      <Filter>Header Files</Filter>
    </ClInclude>
    <ClInclude Include="SwapFloatingLeg.h">
      <Filter>Header Files</Filter>
    </ClInclude>
    <ClInclude Include="tinystr.h">
      <Filter>Header Files</Filter>
    </ClInclude>
    <ClInclude Include="tinyxml.h">
      <Filter>Header Files</Filter>
    </ClInclude>
    <ClInclude Include="TradeMust.h">
      <Filter>Header Files</Filter>
    </ClInclude>
    <ClInclude Include="DllHeader.h">
      <Filter>Header Files</Filter>
    </ClInclude>
    <ClInclude Include="CapFloorVolatility.h">
      <Filter>MakertData</Filter>
    </ClInclude>
    <ClInclude Include="VolStructureUtilities.h">
      <Filter>MakertData</Filter>
    </ClInclude>
    <ClInclude Include="SwaptionVolatility.h">
      <Filter>MakertData</Filter>
    </ClInclude>
    <ClInclude Include="CurveData.h">
      <Filter>MakertData</Filter>
    </ClInclude>
    <ClInclude Include="EnumMust.h">
      <Filter>Header Files</Filter>
    </ClInclude>
  </ItemGroup>
  <ItemGroup>
    <ClCompile Include="Catalogue.cpp">
      <Filter>Source Files</Filter>
    </ClCompile>
    <ClCompile Include="ComponentCashFlowMust.cpp">
      <Filter>Source Files</Filter>
    </ClCompile>
    <ClCompile Include="ComponentIndexMust.cpp">
      <Filter>Source Files</Filter>
    </ClCompile>
    <ClCompile Include="ComponentOptionMust.cpp">
      <Filter>Source Files</Filter>
    </ClCompile>
    <ClCompile Include="ComponentPrincipalMust.cpp">
      <Filter>Source Files</Filter>
    </ClCompile>
    <ClCompile Include="DateMust.cpp">
      <Filter>Source Files</Filter>
    </ClCompile>
    <ClCompile Include="EfficiencyLibProduct.cpp">
      <Filter>Source Files</Filter>
    </ClCompile>
    <ClCompile Include="EfficiencyLibProducts.cpp">
      <Filter>Source Files</Filter>
    </ClCompile>
    <ClCompile Include="MatriceMust.cpp">
      <Filter>Source Files</Filter>
    </ClCompile>
    <ClCompile Include="MustCapFloor.cpp">
      <Filter>Source Files</Filter>
    </ClCompile>
    <ClCompile Include="MustSwaption.cpp">
      <Filter>Source Files</Filter>
    </ClCompile>
    <ClCompile Include="MustVanilleSwap.cpp">
      <Filter>Source Files</Filter>
    </ClCompile>
    <ClCompile Include="RateMust.cpp">
      <Filter>Source Files</Filter>
    </ClCompile>
    <ClCompile Include="SwapFixedLeg.cpp">
      <Filter>Source Files</Filter>
    </ClCompile>
    <ClCompile Include="SwapFloatingLeg.cpp">
      <Filter>Source Files</Filter>
    </ClCompile>
    <ClCompile Include="tinystr.cpp">
      <Filter>Source Files</Filter>
    </ClCompile>
    <ClCompile Include="tinyxml.cpp">
      <Filter>Source Files</Filter>
    </ClCompile>
    <ClCompile Include="tinyxmlerror.cpp">
      <Filter>Source Files</Filter>
    </ClCompile>
    <ClCompile Include="tinyxmlparser.cpp">
      <Filter>Source Files</Filter>
    </ClCompile>
    <ClCompile Include="Mapping.cpp">
      <Filter>Source Files</Filter>
    </ClCompile>
    <ClCompile Include="TradeMust.cpp">
      <Filter>Source Files</Filter>
    </ClCompile>
    <ClCompile Include="ComponentMust.cpp">
      <Filter>Source Files</Filter>
    </ClCompile>
    <ClCompile Include="EnumMust.cpp">
      <Filter>Source Files</Filter>
    </ClCompile>
  </ItemGroup>
</Project>